{
  "originHash" : "4e2995f451eee08cf1a0531c1ee91bdb67166f21c69c92bbbc0014476f1d9ecf",
  "pins" : [
    {
      "identity" : "cosmos",
      "kind" : "remoteSourceControl",
      "location" : "https://github.com/evgenyneu/Cosmos.git",
      "state" : {
        "revision" : "40ba10aaf175bf50abefd0e518bd3b40862af3b1",
        "version" : "25.0.1"
      }
    },
    {
      "identity" : "kingfisher",
      "kind" : "remoteSourceControl",
      "location" : "https://github.com/onevcat/Kingfisher.git",
      "state" : {
        "revision" : "2015fda791daa72c8058619545a593bf8c1dd59f",
        "version" : "8.5.0"
      }
    },
    {
      "identity" : "reachability.swift",
      "kind" : "remoteSourceControl",
      "location" : "https://github.com/ashleymills/Reachability.swift.git",
      "state" : {
        "branch" : "master",
        "revision" : "21d1dc412cfecbe6e34f1f4c4eb88d3f912654a6"
      }
    },
    {
      "identity" : "uiimagecolors",
      "kind" : "remoteSourceControl",
      "location" : "https://github.com/jathu/UIImageColors",
      "state" : {
        "revision" : "e49e6c32ea556e9fa0109dc79686bea4a10d41a2",
        "version" : "2.2.0"
      }
    }
  ],
  "version" : 3
}
